
Microsoft Visual Studio Solution File, Format Version 12.00
# Visual Studio Version 16
VisualStudioVersion = 16.0.30320.27
MinimumVisualStudioVersion = 10.0.40219.1
Project("{FAE04EC0-301F-11D3-BF4B-00C04F79EFBC}") = "PrintHtmlSample", "PrintHtmlSample\PrintHtmlSample.csproj", "{A7B3A1DF-98CF-4528-A76E-5996EA9933FE}"
EndProject
Global
	GlobalSection(SolutionConfigurationPlatforms) = preSolution
		Debug|Any CPU = Debug|Any CPU
		Release|Any CPU = Release|Any CPU
	EndGlobalSection
	GlobalSection(ProjectConfigurationPlatforms) = postSolution
		{A7B3A1DF-98CF-4528-A76E-5996EA9933FE}.Debug|Any CPU.ActiveCfg = Debug|Any CPU
		{A7B3A1DF-98CF-4528-A76E-5996EA9933FE}.Debug|Any CPU.Build.0 = Debug|Any CPU
		{A7B3A1DF-98CF-4528-A76E-5996EA9933FE}.Release|Any CPU.ActiveCfg = Release|Any CPU
		{A7B3A1DF-98CF-4528-A76E-5996EA9933FE}.Release|Any CPU.Build.0 = Release|Any CPU
	EndGlobalSection
	GlobalSection(SolutionProperties) = preSolution
		HideSolutionNode = FALSE
	EndGlobalSection
	GlobalSection(ExtensibilityGlobals) = postSolution
		SolutionGuid = {2D8A3487-29DB-4D78-B940-F4E8DC1FC2D3}
	EndGlobalSection
EndGlobal
